
Microsoft Visual Studio Solution File, Format Version 12.00
# Visual Studio 15
VisualStudioVersion = 15.0.28307.421
MinimumVisualStudioVersion = 10.0.40219.1
Project("{8BC9CEB8-8B4A-11D0-8D11-00A0C91BC942}") = "Halo Multihack", "Halo Multihack\Halo Multihack.vcxproj", "{061A739D-3E92-4656-B976-51D87C9C9188}"
EndProject
Global
	GlobalSection(SolutionConfigurationPlatforms) = preSolution
		Debug|Any CPU = Debug|Any CPU
		Debug|x64 = Debug|x64
		Debug|x86 = Debug|x86
		Release|Any CPU = Release|Any CPU
		Release|x64 = Release|x64
		Release|x86 = Release|x86
	EndGlobalSection
	GlobalSection(ProjectConfigurationPlatforms) = postSolution
		{061A739D-3E92-4656-B976-51D87C9C9188}.Debug|Any CPU.ActiveCfg = Debug|Win32
		{061A739D-3E92-4656-B976-51D87C9C9188}.Debug|x64.ActiveCfg = Debug|x64
		{061A739D-3E92-4656-B976-51D87C9C9188}.Debug|x64.Build.0 = Debug|x64
		{061A739D-3E92-4656-B976-51D87C9C9188}.Debug|x86.ActiveCfg = Debug|Win32
		{061A739D-3E92-4656-B976-51D87C9C9188}.Debug|x86.Build.0 = Debug|Win32
		{061A739D-3E92-4656-B976-51D87C9C9188}.Release|Any CPU.ActiveCfg = Release|Win32
		{061A739D-3E92-4656-B976-51D87C9C9188}.Release|x64.ActiveCfg = Release|x64
		{061A739D-3E92-4656-B976-51D87C9C9188}.Release|x64.Build.0 = Release|x64
		{061A739D-3E92-4656-B976-51D87C9C9188}.Release|x86.ActiveCfg = Release|Win32
		{061A739D-3E92-4656-B976-51D87C9C9188}.Release|x86.Build.0 = Release|Win32
		{62CA70C5-D57D-4205-8578-74A46B92838D}.Debug|Any CPU.ActiveCfg = Debug|Any CPU
		{62CA70C5-D57D-4205-8578-74A46B92838D}.Debug|Any CPU.Build.0 = Debug|Any CPU
		{62CA70C5-D57D-4205-8578-74A46B92838D}.Debug|x64.ActiveCfg = Debug|Any CPU
		{62CA70C5-D57D-4205-8578-74A46B92838D}.Debug|x64.Build.0 = Debug|Any CPU
		{62CA70C5-D57D-4205-8578-74A46B92838D}.Debug|x86.ActiveCfg = Debug|Any CPU
		{62CA70C5-D57D-4205-8578-74A46B92838D}.Debug|x86.Build.0 = Debug|Any CPU
		{62CA70C5-D57D-4205-8578-74A46B92838D}.Release|Any CPU.ActiveCfg = Release|Any CPU
		{62CA70C5-D57D-4205-8578-74A46B92838D}.Release|Any CPU.Build.0 = Release|Any CPU
		{62CA70C5-D57D-4205-8578-74A46B92838D}.Release|x64.ActiveCfg = Release|Any CPU
		{62CA70C5-D57D-4205-8578-74A46B92838D}.Release|x64.Build.0 = Release|Any CPU
		{62CA70C5-D57D-4205-8578-74A46B92838D}.Release|x86.ActiveCfg = Release|Any CPU
		{62CA70C5-D57D-4205-8578-74A46B92838D}.Release|x86.Build.0 = Release|Any CPU
	EndGlobalSection
	GlobalSection(SolutionProperties) = preSolution
		HideSolutionNode = FALSE
	EndGlobalSection
	GlobalSection(ExtensibilityGlobals) = postSolution
		SolutionGuid = {F359D2B0-0C40-402D-BF68-F57DD485BC80}
	EndGlobalSection
EndGlobal
